
Microsoft Visual Studio Solution File, Format Version 12.00
# Visual Studio 15
VisualStudioVersion = 15.0.28307.572
MinimumVisualStudioVersion = 10.0.40219.1
Project("{FAE04EC0-301F-11D3-BF4B-00C04F79EFBC}") = "App.Essentials.Android", "App.Essentials\App.Essentials.Android\App.Essentials.Android.csproj", "{78B4CBAE-77AA-4D6F-878D-A583299C14FB}"
EndProject
Project("{FAE04EC0-301F-11D3-BF4B-00C04F79EFBC}") = "App.Essentials.iOS", "App.Essentials\App.Essentials.iOS\App.Essentials.iOS.csproj", "{EB0F8206-FF04-4188-B317-9B91429E6A82}"
EndProject
Project("{FAE04EC0-301F-11D3-BF4B-00C04F79EFBC}") = "App.Essentials", "App.Essentials\App.Essentials\App.Essentials.csproj", "{43E14B75-A53F-404A-80F0-443A7E05927C}"
EndProject
Global
	GlobalSection(SolutionConfigurationPlatforms) = preSolution
		Ad-Hoc|Any CPU = Ad-Hoc|Any CPU
		Ad-Hoc|iPhone = Ad-Hoc|iPhone
		Ad-Hoc|iPhoneSimulator = Ad-Hoc|iPhoneSimulator
		AppStore|Any CPU = AppStore|Any CPU
		AppStore|iPhone = AppStore|iPhone
		AppStore|iPhoneSimulator = AppStore|iPhoneSimulator
		Debug|Any CPU = Debug|Any CPU
		Debug|iPhone = Debug|iPhone
		Debug|iPhoneSimulator = Debug|iPhoneSimulator
		Release|Any CPU = Release|Any CPU
		Release|iPhone = Release|iPhone
		Release|iPhoneSimulator = Release|iPhoneSimulator
	EndGlobalSection
	GlobalSection(ProjectConfigurationPlatforms) = postSolution
		{78B4CBAE-77AA-4D6F-878D-A583299C14FB}.Ad-Hoc|Any CPU.ActiveCfg = Release|Any CPU
		{78B4CBAE-77AA-4D6F-878D-A583299C14FB}.Ad-Hoc|Any CPU.Build.0 = Release|Any CPU
		{78B4CBAE-77AA-4D6F-878D-A583299C14FB}.Ad-Hoc|Any CPU.Deploy.0 = Release|Any CPU
		{78B4CBAE-77AA-4D6F-878D-A583299C14FB}.Ad-Hoc|iPhone.ActiveCfg = Release|Any CPU
		{78B4CBAE-77AA-4D6F-878D-A583299C14FB}.Ad-Hoc|iPhone.Build.0 = Release|Any CPU
		{78B4CBAE-77AA-4D6F-878D-A583299C14FB}.Ad-Hoc|iPhone.Deploy.0 = Release|Any CPU
		{78B4CBAE-77AA-4D6F-878D-A583299C14FB}.Ad-Hoc|iPhoneSimulator.ActiveCfg = Release|Any CPU
		{78B4CBAE-77AA-4D6F-878D-A583299C14FB}.Ad-Hoc|iPhoneSimulator.Build.0 = Release|Any CPU
		{78B4CBAE-77AA-4D6F-878D-A583299C14FB}.Ad-Hoc|iPhoneSimulator.Deploy.0 = Release|Any CPU
		{78B4CBAE-77AA-4D6F-878D-A583299C14FB}.AppStore|Any CPU.ActiveCfg = Release|Any CPU
		{78B4CBAE-77AA-4D6F-878D-A583299C14FB}.AppStore|Any CPU.Build.0 = Release|Any CPU
		{78B4CBAE-77AA-4D6F-878D-A583299C14FB}.AppStore|Any CPU.Deploy.0 = Release|Any CPU
		{78B4CBAE-77AA-4D6F-878D-A583299C14FB}.AppStore|iPhone.ActiveCfg = Release|Any CPU
		{78B4CBAE-77AA-4D6F-878D-A583299C14FB}.AppStore|iPhone.Build.0 = Release|Any CPU
		{78B4CBAE-77AA-4D6F-878D-A583299C14FB}.AppStore|iPhone.Deploy.0 = Release|Any CPU
		{78B4CBAE-77AA-4D6F-878D-A583299C14FB}.AppStore|iPhoneSimulator.ActiveCfg = Release|Any CPU
		{78B4CBAE-77AA-4D6F-878D-A583299C14FB}.AppStore|iPhoneSimulator.Build.0 = Release|Any CPU
		{78B4CBAE-77AA-4D6F-878D-A583299C14FB}.AppStore|iPhoneSimulator.Deploy.0 = Release|Any CPU
		{78B4CBAE-77AA-4D6F-878D-A583299C14FB}.Debug|Any CPU.ActiveCfg = Debug|Any CPU
		{78B4CBAE-77AA-4D6F-878D-A583299C14FB}.Debug|Any CPU.Build.0 = Debug|Any CPU
		{78B4CBAE-77AA-4D6F-878D-A583299C14FB}.Debug|Any CPU.Deploy.0 = Debug|Any CPU
		{78B4CBAE-77AA-4D6F-878D-A583299C14FB}.Debug|iPhone.ActiveCfg = Debug|Any CPU
		{78B4CBAE-77AA-4D6F-878D-A583299C14FB}.Debug|iPhone.Build.0 = Debug|Any CPU
		{78B4CBAE-77AA-4D6F-878D-A583299C14FB}.Debug|iPhone.Deploy.0 = Debug|Any CPU
		{78B4CBAE-77AA-4D6F-878D-A583299C14FB}.Debug|iPhoneSimulator.ActiveCfg = Debug|Any CPU
		{78B4CBAE-77AA-4D6F-878D-A583299C14FB}.Debug|iPhoneSimulator.Build.0 = Debug|Any CPU
		{78B4CBAE-77AA-4D6F-878D-A583299C14FB}.Debug|iPhoneSimulator.Deploy.0 = Debug|Any CPU
		{78B4CBAE-77AA-4D6F-878D-A583299C14FB}.Release|Any CPU.ActiveCfg = Release|Any CPU
		{78B4CBAE-77AA-4D6F-878D-A583299C14FB}.Release|Any CPU.Build.0 = Release|Any CPU
		{78B4CBAE-77AA-4D6F-878D-A583299C14FB}.Release|Any CPU.Deploy.0 = Release|Any CPU
		{78B4CBAE-77AA-4D6F-878D-A583299C14FB}.Release|iPhone.ActiveCfg = Release|Any CPU
		{78B4CBAE-77AA-4D6F-878D-A583299C14FB}.Release|iPhone.Build.0 = Release|Any CPU
		{78B4CBAE-77AA-4D6F-878D-A583299C14FB}.Release|iPhone.Deploy.0 = Release|Any CPU
		{78B4CBAE-77AA-4D6F-878D-A583299C14FB}.Release|iPhoneSimulator.ActiveCfg = Release|Any CPU
		{78B4CBAE-77AA-4D6F-878D-A583299C14FB}.Release|iPhoneSimulator.Build.0 = Release|Any CPU
		{78B4CBAE-77AA-4D6F-878D-A583299C14FB}.Release|iPhoneSimulator.Deploy.0 = Release|Any CPU
		{EB0F8206-FF04-4188-B317-9B91429E6A82}.Ad-Hoc|Any CPU.ActiveCfg = Ad-Hoc|iPhone
		{EB0F8206-FF04-4188-B317-9B91429E6A82}.Ad-Hoc|Any CPU.Build.0 = Ad-Hoc|iPhone
		{EB0F8206-FF04-4188-B317-9B91429E6A82}.Ad-Hoc|Any CPU.Deploy.0 = Ad-Hoc|iPhone
		{EB0F8206-FF04-4188-B317-9B91429E6A82}.Ad-Hoc|iPhone.ActiveCfg = Ad-Hoc|iPhone
		{EB0F8206-FF04-4188-B317-9B91429E6A82}.Ad-Hoc|iPhone.Build.0 = Ad-Hoc|iPhone
		{EB0F8206-FF04-4188-B317-9B91429E6A82}.Ad-Hoc|iPhone.Deploy.0 = Ad-Hoc|iPhone
		{EB0F8206-FF04-4188-B317-9B91429E6A82}.Ad-Hoc|iPhoneSimulator.ActiveCfg = Ad-Hoc|iPhoneSimulator
		{EB0F8206-FF04-4188-B317-9B91429E6A82}.Ad-Hoc|iPhoneSimulator.Build.0 = Ad-Hoc|iPhoneSimulator
		{EB0F8206-FF04-4188-B317-9B91429E6A82}.Ad-Hoc|iPhoneSimulator.Deploy.0 = Ad-Hoc|iPhoneSimulator
		{EB0F8206-FF04-4188-B317-9B91429E6A82}.AppStore|Any CPU.ActiveCfg = AppStore|iPhone
		{EB0F8206-FF04-4188-B317-9B91429E6A82}.AppStore|Any CPU.Build.0 = AppStore|iPhone
		{EB0F8206-FF04-4188-B317-9B91429E6A82}.AppStore|Any CPU.Deploy.0 = AppStore|iPhone
		{EB0F8206-FF04-4188-B317-9B91429E6A82}.AppStore|iPhone.ActiveCfg = AppStore|iPhone
		{EB0F8206-FF04-4188-B317-9B91429E6A82}.AppStore|iPhone.Build.0 = AppStore|iPhone
		{EB0F8206-FF04-4188-B317-9B91429E6A82}.AppStore|iPhone.Deploy.0 = AppStore|iPhone
		{EB0F8206-FF04-4188-B317-9B91429E6A82}.AppStore|iPhoneSimulator.ActiveCfg = AppStore|iPhoneSimulator
		{EB0F8206-FF04-4188-B317-9B91429E6A82}.AppStore|iPhoneSimulator.Build.0 = AppStore|iPhoneSimulator
		{EB0F8206-FF04-4188-B317-9B91429E6A82}.AppStore|iPhoneSimulator.Deploy.0 = AppStore|iPhoneSimulator
		{EB0F8206-FF04-4188-B317-9B91429E6A82}.Debug|Any CPU.ActiveCfg = Debug|iPhoneSimulator
		{EB0F8206-FF04-4188-B317-9B91429E6A82}.Debug|Any CPU.Build.0 = Debug|iPhoneSimulator
		{EB0F8206-FF04-4188-B317-9B91429E6A82}.Debug|Any CPU.Deploy.0 = Debug|iPhoneSimulator
		{EB0F8206-FF04-4188-B317-9B91429E6A82}.Debug|iPhone.ActiveCfg = Debug|iPhone
		{EB0F8206-FF04-4188-B317-9B91429E6A82}.Debug|iPhone.Build.0 = Debug|iPhone
		{EB0F8206-FF04-4188-B317-9B91429E6A82}.Debug|iPhone.Deploy.0 = Debug|iPhone
		{EB0F8206-FF04-4188-B317-9B91429E6A82}.Debug|iPhoneSimulator.ActiveCfg = Debug|iPhoneSimulator
		{EB0F8206-FF04-4188-B317-9B91429E6A82}.Debug|iPhoneSimulator.Build.0 = Debug|iPhoneSimulator
		{EB0F8206-FF04-4188-B317-9B91429E6A82}.Debug|iPhoneSimulator.Deploy.0 = Debug|iPhoneSimulator
		{EB0F8206-FF04-4188-B317-9B91429E6A82}.Release|Any CPU.ActiveCfg = Release|iPhone
		{EB0F8206-FF04-4188-B317-9B91429E6A82}.Release|Any CPU.Build.0 = Release|iPhone
		{EB0F8206-FF04-4188-B317-9B91429E6A82}.Release|Any CPU.Deploy.0 = Release|iPhone
		{EB0F8206-FF04-4188-B317-9B91429E6A82}.Release|iPhone.ActiveCfg = Release|iPhone
		{EB0F8206-FF04-4188-B317-9B91429E6A82}.Release|iPhone.Build.0 = Release|iPhone
		{EB0F8206-FF04-4188-B317-9B91429E6A82}.Release|iPhone.Deploy.0 = Release|iPhone
		{EB0F8206-FF04-4188-B317-9B91429E6A82}.Release|iPhoneSimulator.ActiveCfg = Release|iPhoneSimulator
		{EB0F8206-FF04-4188-B317-9B91429E6A82}.Release|iPhoneSimulator.Build.0 = Release|iPhoneSimulator
		{EB0F8206-FF04-4188-B317-9B91429E6A82}.Release|iPhoneSimulator.Deploy.0 = Release|iPhoneSimulator
		{43E14B75-A53F-404A-80F0-443A7E05927C}.Ad-Hoc|Any CPU.ActiveCfg = Debug|Any CPU
		{43E14B75-A53F-404A-80F0-443A7E05927C}.Ad-Hoc|Any CPU.Build.0 = Debug|Any CPU
		{43E14B75-A53F-404A-80F0-443A7E05927C}.Ad-Hoc|Any CPU.Deploy.0 = Debug|Any CPU
		{43E14B75-A53F-404A-80F0-443A7E05927C}.Ad-Hoc|iPhone.ActiveCfg = Debug|Any CPU
		{43E14B75-A53F-404A-80F0-443A7E05927C}.Ad-Hoc|iPhone.Build.0 = Debug|Any CPU
		{43E14B75-A53F-404A-80F0-443A7E05927C}.Ad-Hoc|iPhone.Deploy.0 = Debug|Any CPU
		{43E14B75-A53F-404A-80F0-443A7E05927C}.Ad-Hoc|iPhoneSimulator.ActiveCfg = Debug|Any CPU
		{43E14B75-A53F-404A-80F0-443A7E05927C}.Ad-Hoc|iPhoneSimulator.Build.0 = Debug|Any CPU
		{43E14B75-A53F-404A-80F0-443A7E05927C}.Ad-Hoc|iPhoneSimulator.Deploy.0 = Debug|Any CPU
		{43E14B75-A53F-404A-80F0-443A7E05927C}.AppStore|Any CPU.ActiveCfg = Debug|Any CPU
		{43E14B75-A53F-404A-80F0-443A7E05927C}.AppStore|Any CPU.Build.0 = Debug|Any CPU
		{43E14B75-A53F-404A-80F0-443A7E05927C}.AppStore|Any CPU.Deploy.0 = Debug|Any CPU
		{43E14B75-A53F-404A-80F0-443A7E05927C}.AppStore|iPhone.ActiveCfg = Debug|Any CPU
		{43E14B75-A53F-404A-80F0-443A7E05927C}.AppStore|iPhone.Build.0 = Debug|Any CPU
		{43E14B75-A53F-404A-80F0-443A7E05927C}.AppStore|iPhone.Deploy.0 = Debug|Any CPU
		{43E14B75-A53F-404A-80F0-443A7E05927C}.AppStore|iPhoneSimulator.ActiveCfg = Debug|Any CPU
		{43E14B75-A53F-404A-80F0-443A7E05927C}.AppStore|iPhoneSimulator.Build.0 = Debug|Any CPU
		{43E14B75-A53F-404A-80F0-443A7E05927C}.AppStore|iPhoneSimulator.Deploy.0 = Debug|Any CPU
		{43E14B75-A53F-404A-80F0-443A7E05927C}.Debug|Any CPU.ActiveCfg = Debug|Any CPU
		{43E14B75-A53F-404A-80F0-443A7E05927C}.Debug|Any CPU.Build.0 = Debug|Any CPU
		{43E14B75-A53F-404A-80F0-443A7E05927C}.Debug|Any CPU.Deploy.0 = Debug|Any CPU
		{43E14B75-A53F-404A-80F0-443A7E05927C}.Debug|iPhone.ActiveCfg = Debug|Any CPU
		{43E14B75-A53F-404A-80F0-443A7E05927C}.Debug|iPhone.Build.0 = Debug|Any CPU
		{43E14B75-A53F-404A-80F0-443A7E05927C}.Debug|iPhone.Deploy.0 = Debug|Any CPU
		{43E14B75-A53F-404A-80F0-443A7E05927C}.Debug|iPhoneSimulator.ActiveCfg = Debug|Any CPU
		{43E14B75-A53F-404A-80F0-443A7E05927C}.Debug|iPhoneSimulator.Build.0 = Debug|Any CPU
		{43E14B75-A53F-404A-80F0-443A7E05927C}.Debug|iPhoneSimulator.Deploy.0 = Debug|Any CPU
		{43E14B75-A53F-404A-80F0-443A7E05927C}.Release|Any CPU.ActiveCfg = Release|Any CPU
		{43E14B75-A53F-404A-80F0-443A7E05927C}.Release|Any CPU.Build.0 = Release|Any CPU
		{43E14B75-A53F-404A-80F0-443A7E05927C}.Release|Any CPU.Deploy.0 = Release|Any CPU
		{43E14B75-A53F-404A-80F0-443A7E05927C}.Release|iPhone.ActiveCfg = Release|Any CPU
		{43E14B75-A53F-404A-80F0-443A7E05927C}.Release|iPhone.Build.0 = Release|Any CPU
		{43E14B75-A53F-404A-80F0-443A7E05927C}.Release|iPhone.Deploy.0 = Release|Any CPU
		{43E14B75-A53F-404A-80F0-443A7E05927C}.Release|iPhoneSimulator.ActiveCfg = Release|Any CPU
		{43E14B75-A53F-404A-80F0-443A7E05927C}.Release|iPhoneSimulator.Build.0 = Release|Any CPU
		{43E14B75-A53F-404A-80F0-443A7E05927C}.Release|iPhoneSimulator.Deploy.0 = Release|Any CPU
	EndGlobalSection
	GlobalSection(SolutionProperties) = preSolution
		HideSolutionNode = FALSE
	EndGlobalSection
	GlobalSection(ExtensibilityGlobals) = postSolution
		SolutionGuid = {4839F18A-8A8B-43C3-8A89-C82C30A3604A}
	EndGlobalSection
EndGlobal
